
Microsoft Visual Studio Solution File, Format Version 12.00
# Visual Studio Version 16
VisualStudioVersion = 16.0.30517.126
MinimumVisualStudioVersion = 10.0.40219.1
Project("{FAE04EC0-301F-11D3-BF4B-00C04F79EFBC}") = "ProductReviewManagement", "ProductReviewManagement\ProductReviewManagement.csproj", "{4D9A659B-B2FC-405B-A9F3-E83721A6CE68}"
EndProject
Global
	GlobalSection(SolutionConfigurationPlatforms) = preSolution
		Debug|Any CPU = Debug|Any CPU
		Release|Any CPU = Release|Any CPU
	EndGlobalSection
	GlobalSection(ProjectConfigurationPlatforms) = postSolution
		{4D9A659B-B2FC-405B-A9F3-E83721A6CE68}.Debug|Any CPU.ActiveCfg = Debug|Any CPU
		{4D9A659B-B2FC-405B-A9F3-E83721A6CE68}.Debug|Any CPU.Build.0 = Debug|Any CPU
		{4D9A659B-B2FC-405B-A9F3-E83721A6CE68}.Release|Any CPU.ActiveCfg = Release|Any CPU
		{4D9A659B-B2FC-405B-A9F3-E83721A6CE68}.Release|Any CPU.Build.0 = Release|Any CPU
	EndGlobalSection
	GlobalSection(SolutionProperties) = preSolution
		HideSolutionNode = FALSE
	EndGlobalSection
	GlobalSection(ExtensibilityGlobals) = postSolution
		SolutionGuid = {8ED95453-9603-4A63-8BC1-DDD19ACC98CB}
	EndGlobalSection
EndGlobal
